// !$*UTF8*$!
{
	archiveVersion = 1;
	classes = {
	};
	objectVersion = 46;
	objects = {

/* Begin PBXBuildFile section */
		790D651F1F2E2B8B00643C37 /* RoundedCornerView.swift in Sources */ = {isa = PBXBuildFile; fileRef = 790D651E1F2E2B8B00643C37 /* RoundedCornerView.swift */; };
		790D65211F2E3A2A00643C37 /* CastVC.swift in Sources */ = {isa = PBXBuildFile; fileRef = 790D65201F2E3A2A00643C37 /* CastVC.swift */; };
		790D65231F2E813900643C37 /* ActorCollection.swift in Sources */ = {isa = PBXBuildFile; fileRef = 790D65221F2E813900643C37 /* ActorCollection.swift */; };
		7934DB561F30E0A40060BE37 /* MyAssets.xcassets in Resources */ = {isa = PBXBuildFile; fileRef = 7934DB551F30E0A40060BE37 /* MyAssets.xcassets */; };
		7953B4FE1F2FAA3B00908CE4 /* MovieCell.swift in Sources */ = {isa = PBXBuildFile; fileRef = 7953B4FD1F2FAA3B00908CE4 /* MovieCell.swift */; };
		7953B5001F2FAAEB00908CE4 /* ActorMovieCell.swift in Sources */ = {isa = PBXBuildFile; fileRef = 7953B4FF1F2FAAEB00908CE4 /* ActorMovieCell.swift */; };
		79B249941F2E13100002D96A /* Actor.swift in Sources */ = {isa = PBXBuildFile; fileRef = 79B249931F2E13100002D96A /* Actor.swift */; };
		79B249961F2E18B00002D96A /* DetailsVC.swift in Sources */ = {isa = PBXBuildFile; fileRef = 79B249951F2E18B00002D96A /* DetailsVC.swift */; };
		79B249981F2E20A90002D96A /* CastCell.swift in Sources */ = {isa = PBXBuildFile; fileRef = 79B249971F2E20A90002D96A /* CastCell.swift */; };
		79E25C9A1F2B4CB10019AA9F /* AppDelegate.swift in Sources */ = {isa = PBXBuildFile; fileRef = 79E25C991F2B4CB10019AA9F /* AppDelegate.swift */; };
		79E25C9F1F2B4CB10019AA9F /* Main.storyboard in Resources */ = {isa = PBXBuildFile; fileRef = 79E25C9D1F2B4CB10019AA9F /* Main.storyboard */; };
		79E25CA41F2B4CB10019AA9F /* LaunchScreen.storyboard in Resources */ = {isa = PBXBuildFile; fileRef = 79E25CA21F2B4CB10019AA9F /* LaunchScreen.storyboard */; };
		79E25CAF1F2B4CB20019AA9F /* TheMovieDBTests.swift in Sources */ = {isa = PBXBuildFile; fileRef = 79E25CAE1F2B4CB20019AA9F /* TheMovieDBTests.swift */; };
		79E25CBA1F2B4CB20019AA9F /* TheMovieDBUITests.swift in Sources */ = {isa = PBXBuildFile; fileRef = 79E25CB91F2B4CB20019AA9F /* TheMovieDBUITests.swift */; };
		79E25CC91F2B522B0019AA9F /* MaterialView.swift in Sources */ = {isa = PBXBuildFile; fileRef = 79E25CC81F2B522B0019AA9F /* MaterialView.swift */; };
		79E25CD11F2B5AEE0019AA9F /* Movie.swift in Sources */ = {isa = PBXBuildFile; fileRef = 79E25CD01F2B5AEE0019AA9F /* Movie.swift */; };
		79E25CD41F2B61FE0019AA9F /* Genre.swift in Sources */ = {isa = PBXBuildFile; fileRef = 79E25CD31F2B61FE0019AA9F /* Genre.swift */; };
		79E25CD61F2B63D80019AA9F /* APIConst.swift in Sources */ = {isa = PBXBuildFile; fileRef = 79E25CD51F2B63D80019AA9F /* APIConst.swift */; };
		79E25CD81F2B8FD40019AA9F /* MovieCollection.swift in Sources */ = {isa = PBXBuildFile; fileRef = 79E25CD71F2B8FD40019AA9F /* MovieCollection.swift */; };
		79E25CDE1F2BBC830019AA9F /* MovieVC.swift in Sources */ = {isa = PBXBuildFile; fileRef = 79E25CDD1F2BBC830019AA9F /* MovieVC.swift */; };
		79E25CE01F2C56B40019AA9F /* True_Lies.ttf in Resources */ = {isa = PBXBuildFile; fileRef = 79E25CDF1F2C56B40019AA9F /* True_Lies.ttf */; };
		79E25CE51F2C800D0019AA9F /* MovieFilter.swift in Sources */ = {isa = PBXBuildFile; fileRef = 79E25CE41F2C800D0019AA9F /* MovieFilter.swift */; };
		79E25CEF1F2C9A300019AA9F /* FilterVC.swift in Sources */ = {isa = PBXBuildFile; fileRef = 79E25CEE1F2C9A300019AA9F /* FilterVC.swift */; };
		79E25CF61F2C9EDB0019AA9F /* GenreCell.swift in Sources */ = {isa = PBXBuildFile; fileRef = 79E25CF41F2C9EDB0019AA9F /* GenreCell.swift */; };
		C9D1E7B9EC3098EE18AD2429 /* Pods_TheMovieDBUITests.framework in Frameworks */ = {isa = PBXBuildFile; fileRef = DEC86806C553CFACA5AA8D9A /* Pods_TheMovieDBUITests.framework */; };
		CA1B326C443CBEE188B5FE53 /* Pods_TheMovieDBTests.framework in Frameworks */ = {isa = PBXBuildFile; fileRef = A209CAE0A0B6474978C57474 /* Pods_TheMovieDBTests.framework */; };
		F15C991EC7077544D7B1DCB4 /* Pods_TheMovieDB.framework in Frameworks */ = {isa = PBXBuildFile; fileRef = 17AADC3AB478BE1E400D883C /* Pods_TheMovieDB.framework */; };
/* End PBXBuildFile section */

/* Begin PBXContainerItemProxy section */
		79E25CAB1F2B4CB20019AA9F /* PBXContainerItemProxy */ = {
			isa = PBXContainerItemProxy;
			containerPortal = 79E25C8E1F2B4CB10019AA9F /* Project object */;
			proxyType = 1;
			remoteGlobalIDString = 79E25C951F2B4CB10019AA9F;
			remoteInfo = TheMovieDB;
		};
		79E25CB61F2B4CB20019AA9F /* PBXContainerItemProxy */ = {
			isa = PBXContainerItemProxy;
			containerPortal = 79E25C8E1F2B4CB10019AA9F /* Project object */;
			proxyType = 1;
			remoteGlobalIDString = 79E25C951F2B4CB10019AA9F;
			remoteInfo = TheMovieDB;
		};
/* End PBXContainerItemProxy section */

/* Begin PBXFileReference section */
		00DED70E43FFCB3D53B97EB5 /* Pods-TheMovieDB.release.xcconfig */ = {isa = PBXFileReference; includeInIndex = 1; lastKnownFileType = text.xcconfig; name = "Pods-TheMovieDB.release.xcconfig"; path = "Pods/Target Support Files/Pods-TheMovieDB/Pods-TheMovieDB.release.xcconfig"; sourceTree = "<group>"; };
		17AADC3AB478BE1E400D883C /* Pods_TheMovieDB.framework */ = {isa = PBXFileReference; explicitFileType = wrapper.framework; includeInIndex = 0; path = Pods_TheMovieDB.framework; sourceTree = BUILT_PRODUCTS_DIR; };
		76F22C650A04291264FD3B63 /* Pods-TheMovieDB.debug.xcconfig */ = {isa = PBXFileReference; includeInIndex = 1; lastKnownFileType = text.xcconfig; name = "Pods-TheMovieDB.debug.xcconfig"; path = "Pods/Target Support Files/Pods-TheMovieDB/Pods-TheMovieDB.debug.xcconfig"; sourceTree = "<group>"; };
		790D651E1F2E2B8B00643C37 /* RoundedCornerView.swift */ = {isa = PBXFileReference; fileEncoding = 4; lastKnownFileType = sourcecode.swift; path = RoundedCornerView.swift; sourceTree = "<group>"; };
		790D65201F2E3A2A00643C37 /* CastVC.swift */ = {isa = PBXFileReference; fileEncoding = 4; lastKnownFileType = sourcecode.swift; path = CastVC.swift; sourceTree = "<group>"; };
		790D65221F2E813900643C37 /* ActorCollection.swift */ = {isa = PBXFileReference; fileEncoding = 4; lastKnownFileType = sourcecode.swift; path = ActorCollection.swift; sourceTree = "<group>"; };
		7934DB551F30E0A40060BE37 /* MyAssets.xcassets */ = {isa = PBXFileReference; lastKnownFileType = folder.assetcatalog; path = MyAssets.xcassets; sourceTree = "<group>"; };
		7953B4FD1F2FAA3B00908CE4 /* MovieCell.swift */ = {isa = PBXFileReference; fileEncoding = 4; lastKnownFileType = sourcecode.swift; path = MovieCell.swift; sourceTree = "<group>"; };
		7953B4FF1F2FAAEB00908CE4 /* ActorMovieCell.swift */ = {isa = PBXFileReference; fileEncoding = 4; lastKnownFileType = sourcecode.swift; path = ActorMovieCell.swift; sourceTree = "<group>"; };
		79B249931F2E13100002D96A /* Actor.swift */ = {isa = PBXFileReference; fileEncoding = 4; lastKnownFileType = sourcecode.swift; path = Actor.swift; sourceTree = "<group>"; };
		79B249951F2E18B00002D96A /* DetailsVC.swift */ = {isa = PBXFileReference; fileEncoding = 4; lastKnownFileType = sourcecode.swift; path = DetailsVC.swift; sourceTree = "<group>"; };
		79B249971F2E20A90002D96A /* CastCell.swift */ = {isa = PBXFileReference; fileEncoding = 4; lastKnownFileType = sourcecode.swift; path = CastCell.swift; sourceTree = "<group>"; };
		79E25C961F2B4CB10019AA9F /* TheMovieDB.app */ = {isa = PBXFileReference; explicitFileType = wrapper.application; includeInIndex = 0; path = TheMovieDB.app; sourceTree = BUILT_PRODUCTS_DIR; };
		79E25C991F2B4CB10019AA9F /* AppDelegate.swift */ = {isa = PBXFileReference; lastKnownFileType = sourcecode.swift; path = AppDelegate.swift; sourceTree = "<group>"; };
		79E25C9E1F2B4CB10019AA9F /* Base */ = {isa = PBXFileReference; lastKnownFileType = file.storyboard; name = Base; path = Base.lproj/Main.storyboard; sourceTree = "<group>"; };
		79E25CA31F2B4CB10019AA9F /* Base */ = {isa = PBXFileReference; lastKnownFileType = file.storyboard; name = Base; path = Base.lproj/LaunchScreen.storyboard; sourceTree = "<group>"; };
		79E25CA51F2B4CB10019AA9F /* Info.plist */ = {isa = PBXFileReference; lastKnownFileType = text.plist.xml; path = Info.plist; sourceTree = "<group>"; };
		79E25CAA1F2B4CB20019AA9F /* TheMovieDBTests.xctest */ = {isa = PBXFileReference; explicitFileType = wrapper.cfbundle; includeInIndex = 0; path = TheMovieDBTests.xctest; sourceTree = BUILT_PRODUCTS_DIR; };
		79E25CAE1F2B4CB20019AA9F /* TheMovieDBTests.swift */ = {isa = PBXFileReference; lastKnownFileType = sourcecode.swift; path = TheMovieDBTests.swift; sourceTree = "<group>"; };
		79E25CB01F2B4CB20019AA9F /* Info.plist */ = {isa = PBXFileReference; lastKnownFileType = text.plist.xml; path = Info.plist; sourceTree = "<group>"; };
		79E25CB51F2B4CB20019AA9F /* TheMovieDBUITests.xctest */ = {isa = PBXFileReference; explicitFileType = wrapper.cfbundle; includeInIndex = 0; path = TheMovieDBUITests.xctest; sourceTree = BUILT_PRODUCTS_DIR; };
		79E25CB91F2B4CB20019AA9F /* TheMovieDBUITests.swift */ = {isa = PBXFileReference; lastKnownFileType = sourcecode.swift; path = TheMovieDBUITests.swift; sourceTree = "<group>"; };
		79E25CBB1F2B4CB20019AA9F /* Info.plist */ = {isa = PBXFileReference; lastKnownFileType = text.plist.xml; path = Info.plist; sourceTree = "<group>"; };
		79E25CC81F2B522B0019AA9F /* MaterialView.swift */ = {isa = PBXFileReference; fileEncoding = 4; lastKnownFileType = sourcecode.swift; path = MaterialView.swift; sourceTree = "<group>"; };
		79E25CD01F2B5AEE0019AA9F /* Movie.swift */ = {isa = PBXFileReference; fileEncoding = 4; lastKnownFileType = sourcecode.swift; path = Movie.swift; sourceTree = "<group>"; };
		79E25CD31F2B61FE0019AA9F /* Genre.swift */ = {isa = PBXFileReference; fileEncoding = 4; lastKnownFileType = sourcecode.swift; path = Genre.swift; sourceTree = "<group>"; };
		79E25CD51F2B63D80019AA9F /* APIConst.swift */ = {isa = PBXFileReference; fileEncoding = 4; lastKnownFileType = sourcecode.swift; path = APIConst.swift; sourceTree = "<group>"; };
		79E25CD71F2B8FD40019AA9F /* MovieCollection.swift */ = {isa = PBXFileReference; fileEncoding = 4; lastKnownFileType = sourcecode.swift; path = MovieCollection.swift; sourceTree = "<group>"; };
		79E25CDD1F2BBC830019AA9F /* MovieVC.swift */ = {isa = PBXFileReference; fileEncoding = 4; lastKnownFileType = sourcecode.swift; path = MovieVC.swift; sourceTree = "<group>"; };
		79E25CDF1F2C56B40019AA9F /* True_Lies.ttf */ = {isa = PBXFileReference; lastKnownFileType = file; path = True_Lies.ttf; sourceTree = "<group>"; };
		79E25CE41F2C800D0019AA9F /* MovieFilter.swift */ = {isa = PBXFileReference; fileEncoding = 4; lastKnownFileType = sourcecode.swift; path = MovieFilter.swift; sourceTree = "<group>"; };
		79E25CEE1F2C9A300019AA9F /* FilterVC.swift */ = {isa = PBXFileReference; fileEncoding = 4; lastKnownFileType = sourcecode.swift; path = FilterVC.swift; sourceTree = "<group>"; };
		79E25CF41F2C9EDB0019AA9F /* GenreCell.swift */ = {isa = PBXFileReference; fileEncoding = 4; lastKnownFileType = sourcecode.swift; path = GenreCell.swift; sourceTree = "<group>"; };
		9215971FAE09C3CA1C61F37D /* Pods-TheMovieDBUITests.release.xcconfig */ = {isa = PBXFileReference; includeInIndex = 1; lastKnownFileType = text.xcconfig; name = "Pods-TheMovieDBUITests.release.xcconfig"; path = "Pods/Target Support Files/Pods-TheMovieDBUITests/Pods-TheMovieDBUITests.release.xcconfig"; sourceTree = "<group>"; };
		A03FBC078B6F3D92BBBF8FAE /* Pods-TheMovieDBTests.release.xcconfig */ = {isa = PBXFileReference; includeInIndex = 1; lastKnownFileType = text.xcconfig; name = "Pods-TheMovieDBTests.release.xcconfig"; path = "Pods/Target Support Files/Pods-TheMovieDBTests/Pods-TheMovieDBTests.release.xcconfig"; sourceTree = "<group>"; };
		A209CAE0A0B6474978C57474 /* Pods_TheMovieDBTests.framework */ = {isa = PBXFileReference; explicitFileType = wrapper.framework; includeInIndex = 0; path = Pods_TheMovieDBTests.framework; sourceTree = BUILT_PRODUCTS_DIR; };
		B58DD62011A5192C7004528A /* Pods-TheMovieDBTests.debug.xcconfig */ = {isa = PBXFileReference; includeInIndex = 1; lastKnownFileType = text.xcconfig; name = "Pods-TheMovieDBTests.debug.xcconfig"; path = "Pods/Target Support Files/Pods-TheMovieDBTests/Pods-TheMovieDBTests.debug.xcconfig"; sourceTree = "<group>"; };
		D23CCA0292762FA78FBA8D01 /* Pods-TheMovieDBUITests.debug.xcconfig */ = {isa = PBXFileReference; includeInIndex = 1; lastKnownFileType = text.xcconfig; name = "Pods-TheMovieDBUITests.debug.xcconfig"; path = "Pods/Target Support Files/Pods-TheMovieDBUITests/Pods-TheMovieDBUITests.debug.xcconfig"; sourceTree = "<group>"; };
		DEC86806C553CFACA5AA8D9A /* Pods_TheMovieDBUITests.framework */ = {isa = PBXFileReference; explicitFileType = wrapper.framework; includeInIndex = 0; path = Pods_TheMovieDBUITests.framework; sourceTree = BUILT_PRODUCTS_DIR; };
/* End PBXFileReference section */

/* Begin PBXFrameworksBuildPhase section */
		79E25C931F2B4CB10019AA9F /* Frameworks */ = {
			isa = PBXFrameworksBuildPhase;
			buildActionMask = 2147483647;
			files = (
				F15C991EC7077544D7B1DCB4 /* Pods_TheMovieDB.framework in Frameworks */,
			);
			runOnlyForDeploymentPostprocessing = 0;
		};
		79E25CA71F2B4CB20019AA9F /* Frameworks */ = {
			isa = PBXFrameworksBuildPhase;
			buildActionMask = 2147483647;
			files = (
				CA1B326C443CBEE188B5FE53 /* Pods_TheMovieDBTests.framework in Frameworks */,
			);
			runOnlyForDeploymentPostprocessing = 0;
		};
		79E25CB21F2B4CB20019AA9F /* Frameworks */ = {
			isa = PBXFrameworksBuildPhase;
			buildActionMask = 2147483647;
			files = (
				C9D1E7B9EC3098EE18AD2429 /* Pods_TheMovieDBUITests.framework in Frameworks */,
			);
			runOnlyForDeploymentPostprocessing = 0;
		};
/* End PBXFrameworksBuildPhase section */

/* Begin PBXGroup section */
		1DE2454E499E3126F87386B5 /* Frameworks */ = {
			isa = PBXGroup;
			children = (
				17AADC3AB478BE1E400D883C /* Pods_TheMovieDB.framework */,
				A209CAE0A0B6474978C57474 /* Pods_TheMovieDBTests.framework */,
				DEC86806C553CFACA5AA8D9A /* Pods_TheMovieDBUITests.framework */,
			);
			name = Frameworks;
			sourceTree = "<group>";
		};
		79E25C8D1F2B4CB10019AA9F = {
			isa = PBXGroup;
			children = (
				79E25C981F2B4CB10019AA9F /* TheMovieDB */,
				79E25CAD1F2B4CB20019AA9F /* TheMovieDBTests */,
				79E25CB81F2B4CB20019AA9F /* TheMovieDBUITests */,
				79E25C971F2B4CB10019AA9F /* Products */,
				C6A42D853921437EC6A1C0C0 /* Pods */,
				1DE2454E499E3126F87386B5 /* Frameworks */,
			);
			sourceTree = "<group>";
		};
		79E25C971F2B4CB10019AA9F /* Products */ = {
			isa = PBXGroup;
			children = (
				79E25C961F2B4CB10019AA9F /* TheMovieDB.app */,
				79E25CAA1F2B4CB20019AA9F /* TheMovieDBTests.xctest */,
				79E25CB51F2B4CB20019AA9F /* TheMovieDBUITests.xctest */,
			);
			name = Products;
			sourceTree = "<group>";
		};
		79E25C981F2B4CB10019AA9F /* TheMovieDB */ = {
			isa = PBXGroup;
			children = (
				79E25CE11F2C582D0019AA9F /* Resources */,
				79E25CD21F2B61F20019AA9F /* Utils */,
				79E25CCF1F2B5AD00019AA9F /* Model */,
				79E25CCE1F2B58B10019AA9F /* Controller */,
				79E25CC71F2B52130019AA9F /* View */,
				79E25C991F2B4CB10019AA9F /* AppDelegate.swift */,
				79E25CA21F2B4CB10019AA9F /* LaunchScreen.storyboard */,
				79E25CA51F2B4CB10019AA9F /* Info.plist */,
			);
			path = TheMovieDB;
			sourceTree = "<group>";
		};
		79E25CAD1F2B4CB20019AA9F /* TheMovieDBTests */ = {
			isa = PBXGroup;
			children = (
				79E25CAE1F2B4CB20019AA9F /* TheMovieDBTests.swift */,
				79E25CB01F2B4CB20019AA9F /* Info.plist */,
			);
			path = TheMovieDBTests;
			sourceTree = "<group>";
		};
		79E25CB81F2B4CB20019AA9F /* TheMovieDBUITests */ = {
			isa = PBXGroup;
			children = (
				79E25CB91F2B4CB20019AA9F /* TheMovieDBUITests.swift */,
				79E25CBB1F2B4CB20019AA9F /* Info.plist */,
			);
			path = TheMovieDBUITests;
			sourceTree = "<group>";
		};
		79E25CC71F2B52130019AA9F /* View */ = {
			isa = PBXGroup;
			children = (
				79E25C9D1F2B4CB10019AA9F /* Main.storyboard */,
				79E25CC81F2B522B0019AA9F /* MaterialView.swift */,
				79E25CF41F2C9EDB0019AA9F /* GenreCell.swift */,
				79B249971F2E20A90002D96A /* CastCell.swift */,
				790D651E1F2E2B8B00643C37 /* RoundedCornerView.swift */,
				7953B4FD1F2FAA3B00908CE4 /* MovieCell.swift */,
				7953B4FF1F2FAAEB00908CE4 /* ActorMovieCell.swift */,
			);
			name = View;
			sourceTree = "<group>";
		};
		79E25CCE1F2B58B10019AA9F /* Controller */ = {
			isa = PBXGroup;
			children = (
				79E25CDD1F2BBC830019AA9F /* MovieVC.swift */,
				79E25CEE1F2C9A300019AA9F /* FilterVC.swift */,
				79B249951F2E18B00002D96A /* DetailsVC.swift */,
				790D65201F2E3A2A00643C37 /* CastVC.swift */,
			);
			name = Controller;
			sourceTree = "<group>";
		};
		79E25CCF1F2B5AD00019AA9F /* Model */ = {
			isa = PBXGroup;
			children = (
				79E25CD01F2B5AEE0019AA9F /* Movie.swift */,
				79E25CD71F2B8FD40019AA9F /* MovieCollection.swift */,
				79B249931F2E13100002D96A /* Actor.swift */,
				790D65221F2E813900643C37 /* ActorCollection.swift */,
			);
			name = Model;
			sourceTree = "<group>";
		};
		79E25CD21F2B61F20019AA9F /* Utils */ = {
			isa = PBXGroup;
			children = (
				79E25CD31F2B61FE0019AA9F /* Genre.swift */,
				79E25CD51F2B63D80019AA9F /* APIConst.swift */,
				79E25CE41F2C800D0019AA9F /* MovieFilter.swift */,
			);
			name = Utils;
			sourceTree = "<group>";
		};
		79E25CE11F2C582D0019AA9F /* Resources */ = {
			isa = PBXGroup;
			children = (
				7934DB551F30E0A40060BE37 /* MyAssets.xcassets */,
				79E25CDF1F2C56B40019AA9F /* True_Lies.ttf */,
			);
			name = Resources;
			sourceTree = "<group>";
		};
		C6A42D853921437EC6A1C0C0 /* Pods */ = {
			isa = PBXGroup;
			children = (
				76F22C650A04291264FD3B63 /* Pods-TheMovieDB.debug.xcconfig */,
				00DED70E43FFCB3D53B97EB5 /* Pods-TheMovieDB.release.xcconfig */,
				B58DD62011A5192C7004528A /* Pods-TheMovieDBTests.debug.xcconfig */,
				A03FBC078B6F3D92BBBF8FAE /* Pods-TheMovieDBTests.release.xcconfig */,
				D23CCA0292762FA78FBA8D01 /* Pods-TheMovieDBUITests.debug.xcconfig */,
				9215971FAE09C3CA1C61F37D /* Pods-TheMovieDBUITests.release.xcconfig */,
			);
			name = Pods;
			sourceTree = "<group>";
		};
/* End PBXGroup section */

/* Begin PBXNativeTarget section */
		79E25C951F2B4CB10019AA9F /* TheMovieDB */ = {
			isa = PBXNativeTarget;
			buildConfigurationList = 79E25CBE1F2B4CB20019AA9F /* Build configuration list for PBXNativeTarget "TheMovieDB" */;
			buildPhases = (
				6EBD7D050DBD2403E5BA5248 /* [CP] Check Pods Manifest.lock */,
				79E25C921F2B4CB10019AA9F /* Sources */,
				79E25C931F2B4CB10019AA9F /* Frameworks */,
				79E25C941F2B4CB10019AA9F /* Resources */,
				7AD908FD86BE45C142E03DF2 /* [CP] Embed Pods Frameworks */,
				CE9F0F968872AE981C119194 /* [CP] Copy Pods Resources */,
			);
			buildRules = (
			);
			dependencies = (
			);
			name = TheMovieDB;
			productName = TheMovieDB;
			productReference = 79E25C961F2B4CB10019AA9F /* TheMovieDB.app */;
			productType = "com.apple.product-type.application";
		};
		79E25CA91F2B4CB20019AA9F /* TheMovieDBTests */ = {
			isa = PBXNativeTarget;
			buildConfigurationList = 79E25CC11F2B4CB20019AA9F /* Build configuration list for PBXNativeTarget "TheMovieDBTests" */;
			buildPhases = (
				CBA4683D3531C4C03207155B /* [CP] Check Pods Manifest.lock */,
				79E25CA61F2B4CB20019AA9F /* Sources */,
				79E25CA71F2B4CB20019AA9F /* Frameworks */,
				79E25CA81F2B4CB20019AA9F /* Resources */,
				9D3255A29992A483E8CC07BD /* [CP] Embed Pods Frameworks */,
				18BB1169D8F11DA46B840BFA /* [CP] Copy Pods Resources */,
			);
			buildRules = (
			);
			dependencies = (
				79E25CAC1F2B4CB20019AA9F /* PBXTargetDependency */,
			);
			name = TheMovieDBTests;
			productName = TheMovieDBTests;
			productReference = 79E25CAA1F2B4CB20019AA9F /* TheMovieDBTests.xctest */;
			productType = "com.apple.product-type.bundle.unit-test";
		};
		79E25CB41F2B4CB20019AA9F /* TheMovieDBUITests */ = {
			isa = PBXNativeTarget;
			buildConfigurationList = 79E25CC41F2B4CB20019AA9F /* Build configuration list for PBXNativeTarget "TheMovieDBUITests" */;
			buildPhases = (
				5BC6E13E77AC021FCF0BD4FA /* [CP] Check Pods Manifest.lock */,
				79E25CB11F2B4CB20019AA9F /* Sources */,
				79E25CB21F2B4CB20019AA9F /* Frameworks */,
				79E25CB31F2B4CB20019AA9F /* Resources */,
				6FDF8CBB01339E87B48D3B9A /* [CP] Embed Pods Frameworks */,
				B14A4DFCF25A300746EEABBE /* [CP] Copy Pods Resources */,
			);
			buildRules = (
			);
			dependencies = (
				79E25CB71F2B4CB20019AA9F /* PBXTargetDependency */,
			);
			name = TheMovieDBUITests;
			productName = TheMovieDBUITests;
			productReference = 79E25CB51F2B4CB20019AA9F /* TheMovieDBUITests.xctest */;
			productType = "com.apple.product-type.bundle.ui-testing";
		};
/* End PBXNativeTarget section */

/* Begin PBXProject section */
		79E25C8E1F2B4CB10019AA9F /* Project object */ = {
			isa = PBXProject;
			attributes = {
				LastSwiftUpdateCheck = 0830;
				LastUpgradeCheck = 0830;
				ORGANIZATIONNAME = Yaniv;
				TargetAttributes = {
					79E25C951F2B4CB10019AA9F = {
						CreatedOnToolsVersion = 8.3.3;
						DevelopmentTeam = 95GPBW627H;
						ProvisioningStyle = Automatic;
					};
					79E25CA91F2B4CB20019AA9F = {
						CreatedOnToolsVersion = 8.3.3;
						DevelopmentTeam = 95GPBW627H;
						ProvisioningStyle = Automatic;
						TestTargetID = 79E25C951F2B4CB10019AA9F;
					};
					79E25CB41F2B4CB20019AA9F = {
						CreatedOnToolsVersion = 8.3.3;
						DevelopmentTeam = 95GPBW627H;
						ProvisioningStyle = Automatic;
						TestTargetID = 79E25C951F2B4CB10019AA9F;
					};
				};
			};
			buildConfigurationList = 79E25C911F2B4CB10019AA9F /* Build configuration list for PBXProject "TheMovieDB" */;
			compatibilityVersion = "Xcode 3.2";
			developmentRegion = English;
			hasScannedForEncodings = 0;
			knownRegions = (
				en,
				Base,
			);
			mainGroup = 79E25C8D1F2B4CB10019AA9F;
			productRefGroup = 79E25C971F2B4CB10019AA9F /* Products */;
			projectDirPath = "";
			projectRoot = "";
			targets = (
				79E25C951F2B4CB10019AA9F /* TheMovieDB */,
				79E25CA91F2B4CB20019AA9F /* TheMovieDBTests */,
				79E25CB41F2B4CB20019AA9F /* TheMovieDBUITests */,
			);
		};
/* End PBXProject section */

/* Begin PBXResourcesBuildPhase section */
		79E25C941F2B4CB10019AA9F /* Resources */ = {
			isa = PBXResourcesBuildPhase;
			buildActionMask = 2147483647;
			files = (
				79E25CE01F2C56B40019AA9F /* True_Lies.ttf in Resources */,
				79E25CA41F2B4CB10019AA9F /* LaunchScreen.storyboard in Resources */,
				7934DB561F30E0A40060BE37 /* MyAssets.xcassets in Resources */,
				79E25C9F1F2B4CB10019AA9F /* Main.storyboard in Resources */,
			);
			runOnlyForDeploymentPostprocessing = 0;
		};
		79E25CA81F2B4CB20019AA9F /* Resources */ = {
			isa = PBXResourcesBuildPhase;
			buildActionMask = 2147483647;
			files = (
			);
			runOnlyForDeploymentPostprocessing = 0;
		};
		79E25CB31F2B4CB20019AA9F /* Resources */ = {
			isa = PBXResourcesBuildPhase;
			buildActionMask = 2147483647;
			files = (
			);
			runOnlyForDeploymentPostprocessing = 0;
		};
/* End PBXResourcesBuildPhase section */

/* Begin PBXShellScriptBuildPhase section */
		18BB1169D8F11DA46B840BFA /* [CP] Copy Pods Resources */ = {
			isa = PBXShellScriptBuildPhase;
			buildActionMask = 2147483647;
			files = (
			);
			inputPaths = (
			);
			name = "[CP] Copy Pods Resources";
			outputPaths = (
			);
			runOnlyForDeploymentPostprocessing = 0;
			shellPath = /bin/sh;
			shellScript = "\"${SRCROOT}/Pods/Target Support Files/Pods-TheMovieDBTests/Pods-TheMovieDBTests-resources.sh\"\n";
			showEnvVarsInLog = 0;
		};
		5BC6E13E77AC021FCF0BD4FA /* [CP] Check Pods Manifest.lock */ = {
			isa = PBXShellScriptBuildPhase;
			buildActionMask = 2147483647;
			files = (
			);
			inputPaths = (
			);
			name = "[CP] Check Pods Manifest.lock";
			outputPaths = (
			);
			runOnlyForDeploymentPostprocessing = 0;
			shellPath = /bin/sh;
			shellScript = "diff \"${PODS_PODFILE_DIR_PATH}/Podfile.lock\" \"${PODS_ROOT}/Manifest.lock\" > /dev/null\nif [ $? != 0 ] ; then\n    # print error to STDERR\n    echo \"error: The sandbox is not in sync with the Podfile.lock. Run 'pod install' or update your CocoaPods installation.\" >&2\n    exit 1\nfi\n";
			showEnvVarsInLog = 0;
		};
		6EBD7D050DBD2403E5BA5248 /* [CP] Check Pods Manifest.lock */ = {
			isa = PBXShellScriptBuildPhase;
			buildActionMask = 2147483647;
			files = (
			);
			inputPaths = (
			);
			name = "[CP] Check Pods Manifest.lock";
			outputPaths = (
			);
			runOnlyForDeploymentPostprocessing = 0;
			shellPath = /bin/sh;
			shellScript = "diff \"${PODS_PODFILE_DIR_PATH}/Podfile.lock\" \"${PODS_ROOT}/Manifest.lock\" > /dev/null\nif [ $? != 0 ] ; then\n    # print error to STDERR\n    echo \"error: The sandbox is not in sync with the Podfile.lock. Run 'pod install' or update your CocoaPods installation.\" >&2\n    exit 1\nfi\n";
			showEnvVarsInLog = 0;
		};
		6FDF8CBB01339E87B48D3B9A /* [CP] Embed Pods Frameworks */ = {
			isa = PBXShellScriptBuildPhase;
			buildActionMask = 2147483647;
			files = (
			);
			inputPaths = (
			);
			name = "[CP] Embed Pods Frameworks";
			outputPaths = (
			);
			runOnlyForDeploymentPostprocessing = 0;
			shellPath = /bin/sh;
			shellScript = "\"${SRCROOT}/Pods/Target Support Files/Pods-TheMovieDBUITests/Pods-TheMovieDBUITests-frameworks.sh\"\n";
			showEnvVarsInLog = 0;
		};
		7AD908FD86BE45C142E03DF2 /* [CP] Embed Pods Frameworks */ = {
			isa = PBXShellScriptBuildPhase;
			buildActionMask = 2147483647;
			files = (
			);
			inputPaths = (
			);
			name = "[CP] Embed Pods Frameworks";
			outputPaths = (
			);
			runOnlyForDeploymentPostprocessing = 0;
			shellPath = /bin/sh;
			shellScript = "\"${SRCROOT}/Pods/Target Support Files/Pods-TheMovieDB/Pods-TheMovieDB-frameworks.sh\"\n";
			showEnvVarsInLog = 0;
		};
		9D3255A29992A483E8CC07BD /* [CP] Embed Pods Frameworks */ = {
			isa = PBXShellScriptBuildPhase;
			buildActionMask = 2147483647;
			files = (
			);
			inputPaths = (
			);
			name = "[CP] Embed Pods Frameworks";
			outputPaths = (
			);
			runOnlyForDeploymentPostprocessing = 0;
			shellPath = /bin/sh;
			shellScript = "\"${SRCROOT}/Pods/Target Support Files/Pods-TheMovieDBTests/Pods-TheMovieDBTests-frameworks.sh\"\n";
			showEnvVarsInLog = 0;
		};
		B14A4DFCF25A300746EEABBE /* [CP] Copy Pods Resources */ = {
			isa = PBXShellScriptBuildPhase;
			buildActionMask = 2147483647;
			files = (
			);
			inputPaths = (
			);
			name = "[CP] Copy Pods Resources";
			outputPaths = (
			);
			runOnlyForDeploymentPostprocessing = 0;
			shellPath = /bin/sh;
			shellScript = "\"${SRCROOT}/Pods/Target Support Files/Pods-TheMovieDBUITests/Pods-TheMovieDBUITests-resources.sh\"\n";
			showEnvVarsInLog = 0;
		};
		CBA4683D3531C4C03207155B /* [CP] Check Pods Manifest.lock */ = {
			isa = PBXShellScriptBuildPhase;
			buildActionMask = 2147483647;
			files = (
			);
			inputPaths = (
			);
			name = "[CP] Check Pods Manifest.lock";
			outputPaths = (
			);
			runOnlyForDeploymentPostprocessing = 0;
			shellPath = /bin/sh;
			shellScript = "diff \"${PODS_PODFILE_DIR_PATH}/Podfile.lock\" \"${PODS_ROOT}/Manifest.lock\" > /dev/null\nif [ $? != 0 ] ; then\n    # print error to STDERR\n    echo \"error: The sandbox is not in sync with the Podfile.lock. Run 'pod install' or update your CocoaPods installation.\" >&2\n    exit 1\nfi\n";
			showEnvVarsInLog = 0;
		};
		CE9F0F968872AE981C119194 /* [CP] Copy Pods Resources */ = {
			isa = PBXShellScriptBuildPhase;
			buildActionMask = 2147483647;
			files = (
			);
			inputPaths = (
			);
			name = "[CP] Copy Pods Resources";
			outputPaths = (
			);
			runOnlyForDeploymentPostprocessing = 0;
			shellPath = /bin/sh;
			shellScript = "\"${SRCROOT}/Pods/Target Support Files/Pods-TheMovieDB/Pods-TheMovieDB-resources.sh\"\n";
			showEnvVarsInLog = 0;
		};
/* End PBXShellScriptBuildPhase section */

/* Begin PBXSourcesBuildPhase section */
		79E25C921F2B4CB10019AA9F /* Sources */ = {
			isa = PBXSourcesBuildPhase;
			buildActionMask = 2147483647;
			files = (
				79E25CC91F2B522B0019AA9F /* MaterialView.swift in Sources */,
				7953B4FE1F2FAA3B00908CE4 /* MovieCell.swift in Sources */,
				7953B5001F2FAAEB00908CE4 /* ActorMovieCell.swift in Sources */,
				79E25CDE1F2BBC830019AA9F /* MovieVC.swift in Sources */,
				79E25CD61F2B63D80019AA9F /* APIConst.swift in Sources */,
				79B249941F2E13100002D96A /* Actor.swift in Sources */,
				790D651F1F2E2B8B00643C37 /* RoundedCornerView.swift in Sources */,
				79E25CE51F2C800D0019AA9F /* MovieFilter.swift in Sources */,
				79B249981F2E20A90002D96A /* CastCell.swift in Sources */,
				79E25CD81F2B8FD40019AA9F /* MovieCollection.swift in Sources */,
				79E25CD41F2B61FE0019AA9F /* Genre.swift in Sources */,
				79E25C9A1F2B4CB10019AA9F /* AppDelegate.swift in Sources */,
				790D65211F2E3A2A00643C37 /* CastVC.swift in Sources */,
				79E25CEF1F2C9A300019AA9F /* FilterVC.swift in Sources */,
				79E25CD11F2B5AEE0019AA9F /* Movie.swift in Sources */,
				79B249961F2E18B00002D96A /* DetailsVC.swift in Sources */,
				79E25CF61F2C9EDB0019AA9F /* GenreCell.swift in Sources */,
				790D65231F2E813900643C37 /* ActorCollection.swift in Sources */,
			);
			runOnlyForDeploymentPostprocessing = 0;
		};
		79E25CA61F2B4CB20019AA9F /* Sources */ = {
			isa = PBXSourcesBuildPhase;
			buildActionMask = 2147483647;
			files = (
				79E25CAF1F2B4CB20019AA9F /* TheMovieDBTests.swift in Sources */,
			);
			runOnlyForDeploymentPostprocessing = 0;
		};
		79E25CB11F2B4CB20019AA9F /* Sources */ = {
			isa = PBXSourcesBuildPhase;
			buildActionMask = 2147483647;
			files = (
				79E25CBA1F2B4CB20019AA9F /* TheMovieDBUITests.swift in Sources */,
			);
			runOnlyForDeploymentPostprocessing = 0;
		};
/* End PBXSourcesBuildPhase section */

/* Begin PBXTargetDependency section */
		79E25CAC1F2B4CB20019AA9F /* PBXTargetDependency */ = {
			isa = PBXTargetDependency;
			target = 79E25C951F2B4CB10019AA9F /* TheMovieDB */;
			targetProxy = 79E25CAB1F2B4CB20019AA9F /* PBXContainerItemProxy */;
		};
		79E25CB71F2B4CB20019AA9F /* PBXTargetDependency */ = {
			isa = PBXTargetDependency;
			target = 79E25C951F2B4CB10019AA9F /* TheMovieDB */;
			targetProxy = 79E25CB61F2B4CB20019AA9F /* PBXContainerItemProxy */;
		};
/* End PBXTargetDependency section */

/* Begin PBXVariantGroup section */
		79E25C9D1F2B4CB10019AA9F /* Main.storyboard */ = {
			isa = PBXVariantGroup;
			children = (
				79E25C9E1F2B4CB10019AA9F /* Base */,
			);
			name = Main.storyboard;
			sourceTree = "<group>";
		};
		79E25CA21F2B4CB10019AA9F /* LaunchScreen.storyboard */ = {
			isa = PBXVariantGroup;
			children = (
				79E25CA31F2B4CB10019AA9F /* Base */,
			);
			name = LaunchScreen.storyboard;
			sourceTree = "<group>";
		};
/* End PBXVariantGroup section */

/* Begin XCBuildConfiguration section */
		79E25CBC1F2B4CB20019AA9F /* Debug */ = {
			isa = XCBuildConfiguration;
			buildSettings = {
				ALWAYS_SEARCH_USER_PATHS = NO;
				CLANG_ANALYZER_NONNULL = YES;
				CLANG_ANALYZER_NUMBER_OBJECT_CONVERSION = YES_AGGRESSIVE;
				CLANG_CXX_LANGUAGE_STANDARD = "gnu++0x";
				CLANG_CXX_LIBRARY = "libc++";
				CLANG_ENABLE_MODULES = YES;
				CLANG_ENABLE_OBJC_ARC = YES;
				CLANG_WARN_BOOL_CONVERSION = YES;
				CLANG_WARN_CONSTANT_CONVERSION = YES;
				CLANG_WARN_DIRECT_OBJC_ISA_USAGE = YES_ERROR;
				CLANG_WARN_DOCUMENTATION_COMMENTS = YES;
				CLANG_WARN_EMPTY_BODY = YES;
				CLANG_WARN_ENUM_CONVERSION = YES;
				CLANG_WARN_INFINITE_RECURSION = YES;
				CLANG_WARN_INT_CONVERSION = YES;
				CLANG_WARN_OBJC_ROOT_CLASS = YES_ERROR;
				CLANG_WARN_SUSPICIOUS_MOVE = YES;
				CLANG_WARN_UNREACHABLE_CODE = YES;
				CLANG_WARN__DUPLICATE_METHOD_MATCH = YES;
				"CODE_SIGN_IDENTITY[sdk=iphoneos*]" = "iPhone Developer";
				COPY_PHASE_STRIP = NO;
				DEBUG_INFORMATION_FORMAT = dwarf;
				ENABLE_STRICT_OBJC_MSGSEND = YES;
				ENABLE_TESTABILITY = YES;
				GCC_C_LANGUAGE_STANDARD = gnu99;
				GCC_DYNAMIC_NO_PIC = NO;
				GCC_NO_COMMON_BLOCKS = YES;
				GCC_OPTIMIZATION_LEVEL = 0;
				GCC_PREPROCESSOR_DEFINITIONS = (
					"DEBUG=1",
					"$(inherited)",
				);
				GCC_WARN_64_TO_32_BIT_CONVERSION = YES;
				GCC_WARN_ABOUT_RETURN_TYPE = YES_ERROR;
				GCC_WARN_UNDECLARED_SELECTOR = YES;
				GCC_WARN_UNINITIALIZED_AUTOS = YES_AGGRESSIVE;
				GCC_WARN_UNUSED_FUNCTION = YES;
				GCC_WARN_UNUSED_VARIABLE = YES;
				IPHONEOS_DEPLOYMENT_TARGET = 10.3;
				MTL_ENABLE_DEBUG_INFO = YES;
				ONLY_ACTIVE_ARCH = YES;
				SDKROOT = iphoneos;
				SWIFT_ACTIVE_COMPILATION_CONDITIONS = DEBUG;
				SWIFT_OPTIMIZATION_LEVEL = "-Onone";
				TARGETED_DEVICE_FAMILY = "1,2";
			};
			name = Debug;
		};
		79E25CBD1F2B4CB20019AA9F /* Release */ = {
			isa = XCBuildConfiguration;
			buildSettings = {
				ALWAYS_SEARCH_USER_PATHS = NO;
				CLANG_ANALYZER_NONNULL = YES;
				CLANG_ANALYZER_NUMBER_OBJECT_CONVERSION = YES_AGGRESSIVE;
				CLANG_CXX_LANGUAGE_STANDARD = "gnu++0x";
				CLANG_CXX_LIBRARY = "libc++";
				CLANG_ENABLE_MODULES = YES;
				CLANG_ENABLE_OBJC_ARC = YES;
				CLANG_WARN_BOOL_CONVERSION = YES;
				CLANG_WARN_CONSTANT_CONVERSION = YES;
				CLANG_WARN_DIRECT_OBJC_ISA_USAGE = YES_ERROR;
				CLANG_WARN_DOCUMENTATION_COMMENTS = YES;
				CLANG_WARN_EMPTY_BODY = YES;
				CLANG_WARN_ENUM_CONVERSION = YES;
				CLANG_WARN_INFINITE_RECURSION = YES;
				CLANG_WARN_INT_CONVERSION = YES;
				CLANG_WARN_OBJC_ROOT_CLASS = YES_ERROR;
				CLANG_WARN_SUSPICIOUS_MOVE = YES;
				CLANG_WARN_UNREACHABLE_CODE = YES;
				CLANG_WARN__DUPLICATE_METHOD_MATCH = YES;
				"CODE_SIGN_IDENTITY[sdk=iphoneos*]" = "iPhone Developer";
				COPY_PHASE_STRIP = NO;
				DEBUG_INFORMATION_FORMAT = "dwarf-with-dsym";
				ENABLE_NS_ASSERTIONS = NO;
				ENABLE_STRICT_OBJC_MSGSEND = YES;
				GCC_C_LANGUAGE_STANDARD = gnu99;
				GCC_NO_COMMON_BLOCKS = YES;
				GCC_WARN_64_TO_32_BIT_CONVERSION = YES;
				GCC_WARN_ABOUT_RETURN_TYPE = YES_ERROR;
				GCC_WARN_UNDECLARED_SELECTOR = YES;
				GCC_WARN_UNINITIALIZED_AUTOS = YES_AGGRESSIVE;
				GCC_WARN_UNUSED_FUNCTION = YES;
				GCC_WARN_UNUSED_VARIABLE = YES;
				IPHONEOS_DEPLOYMENT_TARGET = 10.3;
				MTL_ENABLE_DEBUG_INFO = NO;
				SDKROOT = iphoneos;
				SWIFT_OPTIMIZATION_LEVEL = "-Owholemodule";
				TARGETED_DEVICE_FAMILY = "1,2";
				VALIDATE_PRODUCT = YES;
			};
			name = Release;
		};
		79E25CBF1F2B4CB20019AA9F /* Debug */ = {
			isa = XCBuildConfiguration;
			baseConfigurationReference = 76F22C650A04291264FD3B63 /* Pods-TheMovieDB.debug.xcconfig */;
			buildSettings = {
				ASSETCATALOG_COMPILER_APPICON_NAME = AppIcon;
				DEVELOPMENT_TEAM = 95GPBW627H;
				INFOPLIST_FILE = TheMovieDB/Info.plist;
				LD_RUNPATH_SEARCH_PATHS = "$(inherited) @executable_path/Frameworks";
				PRODUCT_BUNDLE_IDENTIFIER = swiftTut.TheMovieDB;
				PRODUCT_NAME = "$(TARGET_NAME)";
				SWIFT_VERSION = 3.0;
			};
			name = Debug;
		};
		79E25CC01F2B4CB20019AA9F /* Release */ = {
			isa = XCBuildConfiguration;
			baseConfigurationReference = 00DED70E43FFCB3D53B97EB5 /* Pods-TheMovieDB.release.xcconfig */;
			buildSettings = {
				ASSETCATALOG_COMPILER_APPICON_NAME = AppIcon;
				DEVELOPMENT_TEAM = 95GPBW627H;
				INFOPLIST_FILE = TheMovieDB/Info.plist;
				LD_RUNPATH_SEARCH_PATHS = "$(inherited) @executable_path/Frameworks";
				PRODUCT_BUNDLE_IDENTIFIER = swiftTut.TheMovieDB;
				PRODUCT_NAME = "$(TARGET_NAME)";
				SWIFT_VERSION = 3.0;
			};
			name = Release;
		};
		79E25CC21F2B4CB20019AA9F /* Debug */ = {
			isa = XCBuildConfiguration;
			baseConfigurationReference = B58DD62011A5192C7004528A /* Pods-TheMovieDBTests.debug.xcconfig */;
			buildSettings = {
				ALWAYS_EMBED_SWIFT_STANDARD_LIBRARIES = YES;
				BUNDLE_LOADER = "$(TEST_HOST)";
				DEVELOPMENT_TEAM = 95GPBW627H;
				INFOPLIST_FILE = TheMovieDBTests/Info.plist;
				LD_RUNPATH_SEARCH_PATHS = "$(inherited) @executable_path/Frameworks @loader_path/Frameworks";
				PRODUCT_BUNDLE_IDENTIFIER = swiftTut.TheMovieDBTests;
				PRODUCT_NAME = "$(TARGET_NAME)";
				SWIFT_VERSION = 3.0;
				TEST_HOST = "$(BUILT_PRODUCTS_DIR)/TheMovieDB.app/TheMovieDB";
			};
			name = Debug;
		};
		79E25CC31F2B4CB20019AA9F /* Release */ = {
			isa = XCBuildConfiguration;
			baseConfigurationReference = A03FBC078B6F3D92BBBF8FAE /* Pods-TheMovieDBTests.release.xcconfig */;
			buildSettings = {
				ALWAYS_EMBED_SWIFT_STANDARD_LIBRARIES = YES;
				BUNDLE_LOADER = "$(TEST_HOST)";
				DEVELOPMENT_TEAM = 95GPBW627H;
				INFOPLIST_FILE = TheMovieDBTests/Info.plist;
				LD_RUNPATH_SEARCH_PATHS = "$(inherited) @executable_path/Frameworks @loader_path/Frameworks";
				PRODUCT_BUNDLE_IDENTIFIER = swiftTut.TheMovieDBTests;
				PRODUCT_NAME = "$(TARGET_NAME)";
				SWIFT_VERSION = 3.0;
				TEST_HOST = "$(BUILT_PRODUCTS_DIR)/TheMovieDB.app/TheMovieDB";
			};
			name = Release;
		};
		79E25CC51F2B4CB20019AA9F /* Debug */ = {
			isa = XCBuildConfiguration;
			baseConfigurationReference = D23CCA0292762FA78FBA8D01 /* Pods-TheMovieDBUITests.debug.xcconfig */;
			buildSettings = {
				ALWAYS_EMBED_SWIFT_STANDARD_LIBRARIES = YES;
				DEVELOPMENT_TEAM = 95GPBW627H;
				INFOPLIST_FILE = TheMovieDBUITests/Info.plist;
				LD_RUNPATH_SEARCH_PATHS = "$(inherited) @executable_path/Frameworks @loader_path/Frameworks";
				PRODUCT_BUNDLE_IDENTIFIER = swiftTut.TheMovieDBUITests;
				PRODUCT_NAME = "$(TARGET_NAME)";
				SWIFT_VERSION = 3.0;
				TEST_TARGET_NAME = TheMovieDB;
			};
			name = Debug;
		};
		79E25CC61F2B4CB20019AA9F /* Release */ = {
			isa = XCBuildConfiguration;
			baseConfigurationReference = 9215971FAE09C3CA1C61F37D /* Pods-TheMovieDBUITests.release.xcconfig */;
			buildSettings = {
				ALWAYS_EMBED_SWIFT_STANDARD_LIBRARIES = YES;
				DEVELOPMENT_TEAM = 95GPBW627H;
				INFOPLIST_FILE = TheMovieDBUITests/Info.plist;
				LD_RUNPATH_SEARCH_PATHS = "$(inherited) @executable_path/Frameworks @loader_path/Frameworks";
				PRODUCT_BUNDLE_IDENTIFIER = swiftTut.TheMovieDBUITests;
				PRODUCT_NAME = "$(TARGET_NAME)";
				SWIFT_VERSION = 3.0;
				TEST_TARGET_NAME = TheMovieDB;
			};
			name = Release;
		};
/* End XCBuildConfiguration section */

/* Begin XCConfigurationList section */
		79E25C911F2B4CB10019AA9F /* Build configuration list for PBXProject "TheMovieDB" */ = {
			isa = XCConfigurationList;
			buildConfigurations = (
				79E25CBC1F2B4CB20019AA9F /* Debug */,
				79E25CBD1F2B4CB20019AA9F /* Release */,
			);
			defaultConfigurationIsVisible = 0;
			defaultConfigurationName = Release;
		};
		79E25CBE1F2B4CB20019AA9F /* Build configuration list for PBXNativeTarget "TheMovieDB" */ = {
			isa = XCConfigurationList;
			buildConfigurations = (
				79E25CBF1F2B4CB20019AA9F /* Debug */,
				79E25CC01F2B4CB20019AA9F /* Release */,
			);
			defaultConfigurationIsVisible = 0;
			defaultConfigurationName = Release;
		};
		79E25CC11F2B4CB20019AA9F /* Build configuration list for PBXNativeTarget "TheMovieDBTests" */ = {
			isa = XCConfigurationList;
			buildConfigurations = (
				79E25CC21F2B4CB20019AA9F /* Debug */,
				79E25CC31F2B4CB20019AA9F /* Release */,
			);
			defaultConfigurationIsVisible = 0;
			defaultConfigurationName = Release;
		};
		79E25CC41F2B4CB20019AA9F /* Build configuration list for PBXNativeTarget "TheMovieDBUITests" */ = {
			isa = XCConfigurationList;
			buildConfigurations = (
				79E25CC51F2B4CB20019AA9F /* Debug */,
				79E25CC61F2B4CB20019AA9F /* Release */,
			);
			defaultConfigurationIsVisible = 0;
			defaultConfigurationName = Release;
		};
/* End XCConfigurationList section */
	};
	rootObject = 79E25C8E1F2B4CB10019AA9F /* Project object */;
}
